
Microsoft Visual Studio Solution File, Format Version 12.00
# Visual Studio Version 17
VisualStudioVersion = 17.0.31903.59
MinimumVisualStudioVersion = 10.0.40219.1
Project("{2150E333-8FDC-42A3-9474-1A3956D46DE8}") = "src", "src", "{827E0CD3-B72D-47B6-A68D-7590B98EB39B}"
EndProject
Project("{FAE04EC0-301F-11D3-BF4B-00C04F79EFBC}") = "FundAdmin.Domain", "src\FundAdmin.Domain\FundAdmin.Domain.csproj", "{2FB9D6C9-02CD-46F5-8F9C-264262585AE5}"
EndProject
Project("{FAE04EC0-301F-11D3-BF4B-00C04F79EFBC}") = "FundAdmin.Application", "src\FundAdmin.Application\FundAdmin.Application.csproj", "{FDDF10D9-E582-40AE-A145-D1BF6546CC7C}"
EndProject
Project("{FAE04EC0-301F-11D3-BF4B-00C04F79EFBC}") = "FundAdmin.Infrastructure", "src\FundAdmin.Infrastructure\FundAdmin.Infrastructure.csproj", "{FBEDEB2E-AEF5-472D-BF68-E9AFC35AC905}"
EndProject
Project("{FAE04EC0-301F-11D3-BF4B-00C04F79EFBC}") = "FundAdmin.API", "src\FundAdmin.API\FundAdmin.API.csproj", "{F9A99FAE-4569-4DE6-861A-5A002E8852C6}"
EndProject
Project("{2150E333-8FDC-42A3-9474-1A3956D46DE8}") = "tests", "tests", "{02EA681E-C7D8-13C7-8484-4AC65E1B71E8}"
EndProject
Project("{FAE04EC0-301F-11D3-BF4B-00C04F79EFBC}") = "FundAdmin.API.Tests", "tests\FundAdmin.Tests\FundAdmin.API.Tests.csproj", "{7C945DD0-73A6-4ACD-A885-A482BE50A402}"
EndProject
Project("{FAE04EC0-301F-11D3-BF4B-00C04F79EFBC}") = "FundAdmin.Application.Tests", "FundAdmin.Application.Services\FundAdmin.Application.Tests.csproj", "{5C6BC6C3-AA3A-4392-9EB7-F2C44EF36046}"
EndProject
Project("{FAE04EC0-301F-11D3-BF4B-00C04F79EFBC}") = "FundAdmin.Infrastructure.Tests", "FundAdmin.Infrastructure.Tests\FundAdmin.Infrastructure.Tests.csproj", "{BF83CA3E-7019-423C-8890-33C9E0AF37A1}"
EndProject
Global
	GlobalSection(SolutionConfigurationPlatforms) = preSolution
		Debug|Any CPU = Debug|Any CPU
		Debug|x64 = Debug|x64
		Debug|x86 = Debug|x86
		Release|Any CPU = Release|Any CPU
		Release|x64 = Release|x64
		Release|x86 = Release|x86
	EndGlobalSection
	GlobalSection(ProjectConfigurationPlatforms) = postSolution
		{2FB9D6C9-02CD-46F5-8F9C-264262585AE5}.Debug|Any CPU.ActiveCfg = Debug|Any CPU
		{2FB9D6C9-02CD-46F5-8F9C-264262585AE5}.Debug|Any CPU.Build.0 = Debug|Any CPU
		{2FB9D6C9-02CD-46F5-8F9C-264262585AE5}.Debug|x64.ActiveCfg = Debug|Any CPU
		{2FB9D6C9-02CD-46F5-8F9C-264262585AE5}.Debug|x64.Build.0 = Debug|Any CPU
		{2FB9D6C9-02CD-46F5-8F9C-264262585AE5}.Debug|x86.ActiveCfg = Debug|Any CPU
		{2FB9D6C9-02CD-46F5-8F9C-264262585AE5}.Debug|x86.Build.0 = Debug|Any CPU
		{2FB9D6C9-02CD-46F5-8F9C-264262585AE5}.Release|Any CPU.ActiveCfg = Release|Any CPU
		{2FB9D6C9-02CD-46F5-8F9C-264262585AE5}.Release|Any CPU.Build.0 = Release|Any CPU
		{2FB9D6C9-02CD-46F5-8F9C-264262585AE5}.Release|x64.ActiveCfg = Release|Any CPU
		{2FB9D6C9-02CD-46F5-8F9C-264262585AE5}.Release|x64.Build.0 = Release|Any CPU
		{2FB9D6C9-02CD-46F5-8F9C-264262585AE5}.Release|x86.ActiveCfg = Release|Any CPU
		{2FB9D6C9-02CD-46F5-8F9C-264262585AE5}.Release|x86.Build.0 = Release|Any CPU
		{FDDF10D9-E582-40AE-A145-D1BF6546CC7C}.Debug|Any CPU.ActiveCfg = Debug|Any CPU
		{FDDF10D9-E582-40AE-A145-D1BF6546CC7C}.Debug|Any CPU.Build.0 = Debug|Any CPU
		{FDDF10D9-E582-40AE-A145-D1BF6546CC7C}.Debug|x64.ActiveCfg = Debug|Any CPU
		{FDDF10D9-E582-40AE-A145-D1BF6546CC7C}.Debug|x64.Build.0 = Debug|Any CPU
		{FDDF10D9-E582-40AE-A145-D1BF6546CC7C}.Debug|x86.ActiveCfg = Debug|Any CPU
		{FDDF10D9-E582-40AE-A145-D1BF6546CC7C}.Debug|x86.Build.0 = Debug|Any CPU
		{FDDF10D9-E582-40AE-A145-D1BF6546CC7C}.Release|Any CPU.ActiveCfg = Release|Any CPU
		{FDDF10D9-E582-40AE-A145-D1BF6546CC7C}.Release|Any CPU.Build.0 = Release|Any CPU
		{FDDF10D9-E582-40AE-A145-D1BF6546CC7C}.Release|x64.ActiveCfg = Release|Any CPU
		{FDDF10D9-E582-40AE-A145-D1BF6546CC7C}.Release|x64.Build.0 = Release|Any CPU
		{FDDF10D9-E582-40AE-A145-D1BF6546CC7C}.Release|x86.ActiveCfg = Release|Any CPU
		{FDDF10D9-E582-40AE-A145-D1BF6546CC7C}.Release|x86.Build.0 = Release|Any CPU
		{FBEDEB2E-AEF5-472D-BF68-E9AFC35AC905}.Debug|Any CPU.ActiveCfg = Debug|Any CPU
		{FBEDEB2E-AEF5-472D-BF68-E9AFC35AC905}.Debug|Any CPU.Build.0 = Debug|Any CPU
		{FBEDEB2E-AEF5-472D-BF68-E9AFC35AC905}.Debug|x64.ActiveCfg = Debug|Any CPU
		{FBEDEB2E-AEF5-472D-BF68-E9AFC35AC905}.Debug|x64.Build.0 = Debug|Any CPU
		{FBEDEB2E-AEF5-472D-BF68-E9AFC35AC905}.Debug|x86.ActiveCfg = Debug|Any CPU
		{FBEDEB2E-AEF5-472D-BF68-E9AFC35AC905}.Debug|x86.Build.0 = Debug|Any CPU
		{FBEDEB2E-AEF5-472D-BF68-E9AFC35AC905}.Release|Any CPU.ActiveCfg = Release|Any CPU
		{FBEDEB2E-AEF5-472D-BF68-E9AFC35AC905}.Release|Any CPU.Build.0 = Release|Any CPU
		{FBEDEB2E-AEF5-472D-BF68-E9AFC35AC905}.Release|x64.ActiveCfg = Release|Any CPU
		{FBEDEB2E-AEF5-472D-BF68-E9AFC35AC905}.Release|x64.Build.0 = Release|Any CPU
		{FBEDEB2E-AEF5-472D-BF68-E9AFC35AC905}.Release|x86.ActiveCfg = Release|Any CPU
		{FBEDEB2E-AEF5-472D-BF68-E9AFC35AC905}.Release|x86.Build.0 = Release|Any CPU
		{F9A99FAE-4569-4DE6-861A-5A002E8852C6}.Debug|Any CPU.ActiveCfg = Debug|Any CPU
		{F9A99FAE-4569-4DE6-861A-5A002E8852C6}.Debug|Any CPU.Build.0 = Debug|Any CPU
		{F9A99FAE-4569-4DE6-861A-5A002E8852C6}.Debug|x64.ActiveCfg = Debug|Any CPU
		{F9A99FAE-4569-4DE6-861A-5A002E8852C6}.Debug|x64.Build.0 = Debug|Any CPU
		{F9A99FAE-4569-4DE6-861A-5A002E8852C6}.Debug|x86.ActiveCfg = Debug|Any CPU
		{F9A99FAE-4569-4DE6-861A-5A002E8852C6}.Debug|x86.Build.0 = Debug|Any CPU
		{F9A99FAE-4569-4DE6-861A-5A002E8852C6}.Release|Any CPU.ActiveCfg = Release|Any CPU
		{F9A99FAE-4569-4DE6-861A-5A002E8852C6}.Release|Any CPU.Build.0 = Release|Any CPU
		{F9A99FAE-4569-4DE6-861A-5A002E8852C6}.Release|x64.ActiveCfg = Release|Any CPU
		{F9A99FAE-4569-4DE6-861A-5A002E8852C6}.Release|x64.Build.0 = Release|Any CPU
		{F9A99FAE-4569-4DE6-861A-5A002E8852C6}.Release|x86.ActiveCfg = Release|Any CPU
		{F9A99FAE-4569-4DE6-861A-5A002E8852C6}.Release|x86.Build.0 = Release|Any CPU
		{7C945DD0-73A6-4ACD-A885-A482BE50A402}.Debug|Any CPU.ActiveCfg = Debug|Any CPU
		{7C945DD0-73A6-4ACD-A885-A482BE50A402}.Debug|Any CPU.Build.0 = Debug|Any CPU
		{7C945DD0-73A6-4ACD-A885-A482BE50A402}.Debug|x64.ActiveCfg = Debug|Any CPU
		{7C945DD0-73A6-4ACD-A885-A482BE50A402}.Debug|x64.Build.0 = Debug|Any CPU
		{7C945DD0-73A6-4ACD-A885-A482BE50A402}.Debug|x86.ActiveCfg = Debug|Any CPU
		{7C945DD0-73A6-4ACD-A885-A482BE50A402}.Debug|x86.Build.0 = Debug|Any CPU
		{7C945DD0-73A6-4ACD-A885-A482BE50A402}.Release|Any CPU.ActiveCfg = Release|Any CPU
		{7C945DD0-73A6-4ACD-A885-A482BE50A402}.Release|Any CPU.Build.0 = Release|Any CPU
		{7C945DD0-73A6-4ACD-A885-A482BE50A402}.Release|x64.ActiveCfg = Release|Any CPU
		{7C945DD0-73A6-4ACD-A885-A482BE50A402}.Release|x64.Build.0 = Release|Any CPU
		{7C945DD0-73A6-4ACD-A885-A482BE50A402}.Release|x86.ActiveCfg = Release|Any CPU
		{7C945DD0-73A6-4ACD-A885-A482BE50A402}.Release|x86.Build.0 = Release|Any CPU
		{5C6BC6C3-AA3A-4392-9EB7-F2C44EF36046}.Debug|Any CPU.ActiveCfg = Debug|Any CPU
		{5C6BC6C3-AA3A-4392-9EB7-F2C44EF36046}.Debug|Any CPU.Build.0 = Debug|Any CPU
		{5C6BC6C3-AA3A-4392-9EB7-F2C44EF36046}.Debug|x64.ActiveCfg = Debug|Any CPU
		{5C6BC6C3-AA3A-4392-9EB7-F2C44EF36046}.Debug|x64.Build.0 = Debug|Any CPU
		{5C6BC6C3-AA3A-4392-9EB7-F2C44EF36046}.Debug|x86.ActiveCfg = Debug|Any CPU
		{5C6BC6C3-AA3A-4392-9EB7-F2C44EF36046}.Debug|x86.Build.0 = Debug|Any CPU
		{5C6BC6C3-AA3A-4392-9EB7-F2C44EF36046}.Release|Any CPU.ActiveCfg = Release|Any CPU
		{5C6BC6C3-AA3A-4392-9EB7-F2C44EF36046}.Release|Any CPU.Build.0 = Release|Any CPU
		{5C6BC6C3-AA3A-4392-9EB7-F2C44EF36046}.Release|x64.ActiveCfg = Release|Any CPU
		{5C6BC6C3-AA3A-4392-9EB7-F2C44EF36046}.Release|x64.Build.0 = Release|Any CPU
		{5C6BC6C3-AA3A-4392-9EB7-F2C44EF36046}.Release|x86.ActiveCfg = Release|Any CPU
		{5C6BC6C3-AA3A-4392-9EB7-F2C44EF36046}.Release|x86.Build.0 = Release|Any CPU
		{BF83CA3E-7019-423C-8890-33C9E0AF37A1}.Debug|Any CPU.ActiveCfg = Debug|Any CPU
		{BF83CA3E-7019-423C-8890-33C9E0AF37A1}.Debug|Any CPU.Build.0 = Debug|Any CPU
		{BF83CA3E-7019-423C-8890-33C9E0AF37A1}.Debug|x64.ActiveCfg = Debug|Any CPU
		{BF83CA3E-7019-423C-8890-33C9E0AF37A1}.Debug|x64.Build.0 = Debug|Any CPU
		{BF83CA3E-7019-423C-8890-33C9E0AF37A1}.Debug|x86.ActiveCfg = Debug|Any CPU
		{BF83CA3E-7019-423C-8890-33C9E0AF37A1}.Debug|x86.Build.0 = Debug|Any CPU
		{BF83CA3E-7019-423C-8890-33C9E0AF37A1}.Release|Any CPU.ActiveCfg = Release|Any CPU
		{BF83CA3E-7019-423C-8890-33C9E0AF37A1}.Release|Any CPU.Build.0 = Release|Any CPU
		{BF83CA3E-7019-423C-8890-33C9E0AF37A1}.Release|x64.ActiveCfg = Release|Any CPU
		{BF83CA3E-7019-423C-8890-33C9E0AF37A1}.Release|x64.Build.0 = Release|Any CPU
		{BF83CA3E-7019-423C-8890-33C9E0AF37A1}.Release|x86.ActiveCfg = Release|Any CPU
		{BF83CA3E-7019-423C-8890-33C9E0AF37A1}.Release|x86.Build.0 = Release|Any CPU
	EndGlobalSection
	GlobalSection(SolutionProperties) = preSolution
		HideSolutionNode = FALSE
	EndGlobalSection
	GlobalSection(NestedProjects) = preSolution
		{2FB9D6C9-02CD-46F5-8F9C-264262585AE5} = {827E0CD3-B72D-47B6-A68D-7590B98EB39B}
		{FDDF10D9-E582-40AE-A145-D1BF6546CC7C} = {827E0CD3-B72D-47B6-A68D-7590B98EB39B}
		{FBEDEB2E-AEF5-472D-BF68-E9AFC35AC905} = {827E0CD3-B72D-47B6-A68D-7590B98EB39B}
		{F9A99FAE-4569-4DE6-861A-5A002E8852C6} = {827E0CD3-B72D-47B6-A68D-7590B98EB39B}
		{7C945DD0-73A6-4ACD-A885-A482BE50A402} = {02EA681E-C7D8-13C7-8484-4AC65E1B71E8}
		{5C6BC6C3-AA3A-4392-9EB7-F2C44EF36046} = {02EA681E-C7D8-13C7-8484-4AC65E1B71E8}
		{BF83CA3E-7019-423C-8890-33C9E0AF37A1} = {02EA681E-C7D8-13C7-8484-4AC65E1B71E8}
	EndGlobalSection
	GlobalSection(ExtensibilityGlobals) = postSolution
		SolutionGuid = {DBC856B6-C650-4263-BB5E-1421FA67F26B}
	EndGlobalSection
EndGlobal
